// !$*UTF8*$!
{
	archiveVersion = 1;
	classes = {
	};
	objectVersion = 46;
	objects = {

/* Begin PBXBuildFile section */
		7A2F4E751DB52827003C0D9C /* SignUpViewController.swift in Sources */ = {isa = PBXBuildFile; fileRef = 7A2F4E741DB52827003C0D9C /* SignUpViewController.swift */; };
		7A3A2AC81DB534D200897C35 /* ParseClient.swift in Sources */ = {isa = PBXBuildFile; fileRef = 7A3A2AC71DB534D200897C35 /* ParseClient.swift */; };
		7A3A2ACA1DB53F1600897C35 /* ParseConstants.swift in Sources */ = {isa = PBXBuildFile; fileRef = 7A3A2AC91DB53F1600897C35 /* ParseConstants.swift */; };
		7A5A90241DB583A20046140C /* ParseConvenience.swift in Sources */ = {isa = PBXBuildFile; fileRef = 7A5A90231DB583A20046140C /* ParseConvenience.swift */; };
		7A7099C41D9F228C002FD4E5 /* UserInfo.swift in Sources */ = {isa = PBXBuildFile; fileRef = 7A7099C31D9F228C002FD4E5 /* UserInfo.swift */; };
		7A72BD8F1DB916B60096AA3B /* DataTableViewController.swift in Sources */ = {isa = PBXBuildFile; fileRef = 7A72BD8E1DB916B60096AA3B /* DataTableViewController.swift */; };
		7A818E5E1DB1A0B900F3E0D2 /* URLViewController.swift in Sources */ = {isa = PBXBuildFile; fileRef = 7A818E5D1DB1A0B900F3E0D2 /* URLViewController.swift */; };
		7AB67AA31D9DFEAB00769B9F /* OnTheMapViewController.swift in Sources */ = {isa = PBXBuildFile; fileRef = 7AB67AA21D9DFEAB00769B9F /* OnTheMapViewController.swift */; };
		7ABE205D1DB2E22400580AE5 /* ParseData.swift in Sources */ = {isa = PBXBuildFile; fileRef = 7ABE205C1DB2E22400580AE5 /* ParseData.swift */; };
		7AD930F11DB1873900A0EC93 /* LocationViewController.swift in Sources */ = {isa = PBXBuildFile; fileRef = 7AD930F01DB1873900A0EC93 /* LocationViewController.swift */; };
		7AEA23341DA6908F00098CD5 /* UdacityConvenience.swift in Sources */ = {isa = PBXBuildFile; fileRef = 7AEA23331DA6908F00098CD5 /* UdacityConvenience.swift */; };
		7AF189871D9BFD1900ADD832 /* AppDelegate.swift in Sources */ = {isa = PBXBuildFile; fileRef = 7AF189861D9BFD1900ADD832 /* AppDelegate.swift */; };
		7AF189891D9BFD1900ADD832 /* LogInViewController.swift in Sources */ = {isa = PBXBuildFile; fileRef = 7AF189881D9BFD1900ADD832 /* LogInViewController.swift */; };
		7AF1898C1D9BFD1900ADD832 /* Main.storyboard in Resources */ = {isa = PBXBuildFile; fileRef = 7AF1898A1D9BFD1900ADD832 /* Main.storyboard */; };
		7AF1898E1D9BFD1900ADD832 /* Assets.xcassets in Resources */ = {isa = PBXBuildFile; fileRef = 7AF1898D1D9BFD1900ADD832 /* Assets.xcassets */; };
		7AF189911D9BFD1900ADD832 /* LaunchScreen.storyboard in Resources */ = {isa = PBXBuildFile; fileRef = 7AF1898F1D9BFD1900ADD832 /* LaunchScreen.storyboard */; };
		7AF189991D9C8ACE00ADD832 /* GCDBlackBox.swift in Sources */ = {isa = PBXBuildFile; fileRef = 7AF189981D9C8ACE00ADD832 /* GCDBlackBox.swift */; };
		7AF189A01D9C8F1400ADD832 /* UdacityClient.swift in Sources */ = {isa = PBXBuildFile; fileRef = 7AF1899F1D9C8F1400ADD832 /* UdacityClient.swift */; };
		7AF189A21D9C8F1F00ADD832 /* UdacityConstant.swift in Sources */ = {isa = PBXBuildFile; fileRef = 7AF189A11D9C8F1F00ADD832 /* UdacityConstant.swift */; };
/* End PBXBuildFile section */

/* Begin PBXFileReference section */
		7A2F4E741DB52827003C0D9C /* SignUpViewController.swift */ = {isa = PBXFileReference; fileEncoding = 4; lastKnownFileType = sourcecode.swift; path = SignUpViewController.swift; sourceTree = "<group>"; };
		7A3A2AC71DB534D200897C35 /* ParseClient.swift */ = {isa = PBXFileReference; fileEncoding = 4; lastKnownFileType = sourcecode.swift; path = ParseClient.swift; sourceTree = "<group>"; };
		7A3A2AC91DB53F1600897C35 /* ParseConstants.swift */ = {isa = PBXFileReference; fileEncoding = 4; lastKnownFileType = sourcecode.swift; path = ParseConstants.swift; sourceTree = "<group>"; };
		7A5A90231DB583A20046140C /* ParseConvenience.swift */ = {isa = PBXFileReference; fileEncoding = 4; lastKnownFileType = sourcecode.swift; path = ParseConvenience.swift; sourceTree = "<group>"; };
		7A7099C31D9F228C002FD4E5 /* UserInfo.swift */ = {isa = PBXFileReference; fileEncoding = 4; lastKnownFileType = sourcecode.swift; path = UserInfo.swift; sourceTree = "<group>"; };
		7A72BD8E1DB916B60096AA3B /* DataTableViewController.swift */ = {isa = PBXFileReference; fileEncoding = 4; lastKnownFileType = sourcecode.swift; path = DataTableViewController.swift; sourceTree = "<group>"; };
		7A818E5D1DB1A0B900F3E0D2 /* URLViewController.swift */ = {isa = PBXFileReference; fileEncoding = 4; lastKnownFileType = sourcecode.swift; path = URLViewController.swift; sourceTree = "<group>"; };
		7AB67AA21D9DFEAB00769B9F /* OnTheMapViewController.swift */ = {isa = PBXFileReference; fileEncoding = 4; lastKnownFileType = sourcecode.swift; path = OnTheMapViewController.swift; sourceTree = "<group>"; };
		7ABE205C1DB2E22400580AE5 /* ParseData.swift */ = {isa = PBXFileReference; fileEncoding = 4; lastKnownFileType = sourcecode.swift; path = ParseData.swift; sourceTree = "<group>"; };
		7AD930F01DB1873900A0EC93 /* LocationViewController.swift */ = {isa = PBXFileReference; fileEncoding = 4; lastKnownFileType = sourcecode.swift; path = LocationViewController.swift; sourceTree = "<group>"; };
		7AEA23331DA6908F00098CD5 /* UdacityConvenience.swift */ = {isa = PBXFileReference; fileEncoding = 4; lastKnownFileType = sourcecode.swift; path = UdacityConvenience.swift; sourceTree = "<group>"; };
		7AF189831D9BFD1900ADD832 /* OnTheMap.app */ = {isa = PBXFileReference; explicitFileType = wrapper.application; includeInIndex = 0; path = OnTheMap.app; sourceTree = BUILT_PRODUCTS_DIR; };
		7AF189861D9BFD1900ADD832 /* AppDelegate.swift */ = {isa = PBXFileReference; lastKnownFileType = sourcecode.swift; path = AppDelegate.swift; sourceTree = "<group>"; };
		7AF189881D9BFD1900ADD832 /* LogInViewController.swift */ = {isa = PBXFileReference; lastKnownFileType = sourcecode.swift; path = LogInViewController.swift; sourceTree = "<group>"; };
		7AF1898B1D9BFD1900ADD832 /* Base */ = {isa = PBXFileReference; lastKnownFileType = file.storyboard; name = Base; path = Base.lproj/Main.storyboard; sourceTree = "<group>"; };
		7AF1898D1D9BFD1900ADD832 /* Assets.xcassets */ = {isa = PBXFileReference; lastKnownFileType = folder.assetcatalog; path = Assets.xcassets; sourceTree = "<group>"; };
		7AF189901D9BFD1900ADD832 /* Base */ = {isa = PBXFileReference; lastKnownFileType = file.storyboard; name = Base; path = Base.lproj/LaunchScreen.storyboard; sourceTree = "<group>"; };
		7AF189921D9BFD1900ADD832 /* Info.plist */ = {isa = PBXFileReference; lastKnownFileType = text.plist.xml; path = Info.plist; sourceTree = "<group>"; };
		7AF189981D9C8ACE00ADD832 /* GCDBlackBox.swift */ = {isa = PBXFileReference; fileEncoding = 4; lastKnownFileType = sourcecode.swift; path = GCDBlackBox.swift; sourceTree = "<group>"; };
		7AF1899F1D9C8F1400ADD832 /* UdacityClient.swift */ = {isa = PBXFileReference; fileEncoding = 4; lastKnownFileType = sourcecode.swift; path = UdacityClient.swift; sourceTree = "<group>"; };
		7AF189A11D9C8F1F00ADD832 /* UdacityConstant.swift */ = {isa = PBXFileReference; fileEncoding = 4; lastKnownFileType = sourcecode.swift; path = UdacityConstant.swift; sourceTree = "<group>"; };
/* End PBXFileReference section */

/* Begin PBXFrameworksBuildPhase section */
		7AF189801D9BFD1900ADD832 /* Frameworks */ = {
			isa = PBXFrameworksBuildPhase;
			buildActionMask = 2147483647;
			files = (
			);
			runOnlyForDeploymentPostprocessing = 0;
		};
/* End PBXFrameworksBuildPhase section */

/* Begin PBXGroup section */
		7A3A2AC51DB5347800897C35 /* Udacity */ = {
			isa = PBXGroup;
			children = (
				7A7099C31D9F228C002FD4E5 /* UserInfo.swift */,
				7AF1899F1D9C8F1400ADD832 /* UdacityClient.swift */,
				7AEA23331DA6908F00098CD5 /* UdacityConvenience.swift */,
				7AF189A11D9C8F1F00ADD832 /* UdacityConstant.swift */,
			);
			name = Udacity;
			sourceTree = "<group>";
		};
		7A3A2AC61DB5348A00897C35 /* Parse */ = {
			isa = PBXGroup;
			children = (
				7ABE205C1DB2E22400580AE5 /* ParseData.swift */,
				7A3A2AC71DB534D200897C35 /* ParseClient.swift */,
				7A5A90231DB583A20046140C /* ParseConvenience.swift */,
				7A3A2AC91DB53F1600897C35 /* ParseConstants.swift */,
			);
			name = Parse;
			sourceTree = "<group>";
		};
		7AF1897A1D9BFD1900ADD832 = {
			isa = PBXGroup;
			children = (
				7AF189851D9BFD1900ADD832 /* OnTheMap */,
				7AF189841D9BFD1900ADD832 /* Products */,
			);
			sourceTree = "<group>";
		};
		7AF189841D9BFD1900ADD832 /* Products */ = {
			isa = PBXGroup;
			children = (
				7AF189831D9BFD1900ADD832 /* OnTheMap.app */,
			);
			name = Products;
			sourceTree = "<group>";
		};
		7AF189851D9BFD1900ADD832 /* OnTheMap */ = {
			isa = PBXGroup;
			children = (
				7AF189861D9BFD1900ADD832 /* AppDelegate.swift */,
				7AF189981D9C8ACE00ADD832 /* GCDBlackBox.swift */,
				7AF1899A1D9C8B6B00ADD832 /* Model */,
				7AF1899B1D9C8B7200ADD832 /* View */,
				7AF1899C1D9C8B8A00ADD832 /* Controller */,
				7AF1899E1D9C8BFD00ADD832 /* Supporting File */,
				7AF1899D1D9C8BB800ADD832 /* Asserts */,
			);
			path = OnTheMap;
			sourceTree = "<group>";
		};
		7AF1899A1D9C8B6B00ADD832 /* Model */ = {
			isa = PBXGroup;
			children = (
				7A3A2AC61DB5348A00897C35 /* Parse */,
				7A3A2AC51DB5347800897C35 /* Udacity */,
			);
			name = Model;
			sourceTree = "<group>";
		};
		7AF1899B1D9C8B7200ADD832 /* View */ = {
			isa = PBXGroup;
			children = (
			);
			name = View;
			sourceTree = "<group>";
		};
		7AF1899C1D9C8B8A00ADD832 /* Controller */ = {
			isa = PBXGroup;
			children = (
				7AF189881D9BFD1900ADD832 /* LogInViewController.swift */,
				7AB67AA21D9DFEAB00769B9F /* OnTheMapViewController.swift */,
				7AD930F01DB1873900A0EC93 /* LocationViewController.swift */,
				7A818E5D1DB1A0B900F3E0D2 /* URLViewController.swift */,
				7A2F4E741DB52827003C0D9C /* SignUpViewController.swift */,
				7A72BD8E1DB916B60096AA3B /* DataTableViewController.swift */,
			);
			name = Controller;
			sourceTree = "<group>";
		};
		7AF1899D1D9C8BB800ADD832 /* Asserts */ = {
			isa = PBXGroup;
			children = (
				7AF1898A1D9BFD1900ADD832 /* Main.storyboard */,
				7AF1898F1D9BFD1900ADD832 /* LaunchScreen.storyboard */,
				7AF1898D1D9BFD1900ADD832 /* Assets.xcassets */,
			);
			name = Asserts;
			sourceTree = "<group>";
		};
		7AF1899E1D9C8BFD00ADD832 /* Supporting File */ = {
			isa = PBXGroup;
			children = (
				7AF189921D9BFD1900ADD832 /* Info.plist */,
			);
			name = "Supporting File";
			sourceTree = "<group>";
		};
/* End PBXGroup section */

/* Begin PBXNativeTarget section */
		7AF189821D9BFD1900ADD832 /* OnTheMap */ = {
			isa = PBXNativeTarget;
			buildConfigurationList = 7AF189951D9BFD1900ADD832 /* Build configuration list for PBXNativeTarget "OnTheMap" */;
			buildPhases = (
				7AF1897F1D9BFD1900ADD832 /* Sources */,
				7AF189801D9BFD1900ADD832 /* Frameworks */,
				7AF189811D9BFD1900ADD832 /* Resources */,
			);
			buildRules = (
			);
			dependencies = (
			);
			name = OnTheMap;
			productName = OnTheMap;
			productReference = 7AF189831D9BFD1900ADD832 /* OnTheMap.app */;
			productType = "com.apple.product-type.application";
		};
/* End PBXNativeTarget section */

/* Begin PBXProject section */
		7AF1897B1D9BFD1900ADD832 /* Project object */ = {
			isa = PBXProject;
			attributes = {
				LastSwiftUpdateCheck = 0800;
				LastUpgradeCheck = 0810;
				ORGANIZATIONNAME = "Carl Lee";
				TargetAttributes = {
					7AF189821D9BFD1900ADD832 = {
						CreatedOnToolsVersion = 8.0;
						DevelopmentTeam = T46SFMZQ7Z;
						ProvisioningStyle = Automatic;
					};
				};
			};
			buildConfigurationList = 7AF1897E1D9BFD1900ADD832 /* Build configuration list for PBXProject "OnTheMap" */;
			compatibilityVersion = "Xcode 3.2";
			developmentRegion = English;
			hasScannedForEncodings = 0;
			knownRegions = (
				en,
				Base,
			);
			mainGroup = 7AF1897A1D9BFD1900ADD832;
			productRefGroup = 7AF189841D9BFD1900ADD832 /* Products */;
			projectDirPath = "";
			projectRoot = "";
			targets = (
				7AF189821D9BFD1900ADD832 /* OnTheMap */,
			);
		};
/* End PBXProject section */

/* Begin PBXResourcesBuildPhase section */
		7AF189811D9BFD1900ADD832 /* Resources */ = {
			isa = PBXResourcesBuildPhase;
			buildActionMask = 2147483647;
			files = (
				7AF189911D9BFD1900ADD832 /* LaunchScreen.storyboard in Resources */,
				7AF1898E1D9BFD1900ADD832 /* Assets.xcassets in Resources */,
				7AF1898C1D9BFD1900ADD832 /* Main.storyboard in Resources */,
			);
			runOnlyForDeploymentPostprocessing = 0;
		};
/* End PBXResourcesBuildPhase section */

/* Begin PBXSourcesBuildPhase section */
		7AF1897F1D9BFD1900ADD832 /* Sources */ = {
			isa = PBXSourcesBuildPhase;
			buildActionMask = 2147483647;
			files = (
				7AB67AA31D9DFEAB00769B9F /* OnTheMapViewController.swift in Sources */,
				7AF189891D9BFD1900ADD832 /* LogInViewController.swift in Sources */,
				7AF189A01D9C8F1400ADD832 /* UdacityClient.swift in Sources */,
				7AEA23341DA6908F00098CD5 /* UdacityConvenience.swift in Sources */,
				7AF189871D9BFD1900ADD832 /* AppDelegate.swift in Sources */,
				7AF189991D9C8ACE00ADD832 /* GCDBlackBox.swift in Sources */,
				7A2F4E751DB52827003C0D9C /* SignUpViewController.swift in Sources */,
				7A818E5E1DB1A0B900F3E0D2 /* URLViewController.swift in Sources */,
				7ABE205D1DB2E22400580AE5 /* ParseData.swift in Sources */,
				7A72BD8F1DB916B60096AA3B /* DataTableViewController.swift in Sources */,
				7AD930F11DB1873900A0EC93 /* LocationViewController.swift in Sources */,
				7A5A90241DB583A20046140C /* ParseConvenience.swift in Sources */,
				7A7099C41D9F228C002FD4E5 /* UserInfo.swift in Sources */,
				7AF189A21D9C8F1F00ADD832 /* UdacityConstant.swift in Sources */,
				7A3A2AC81DB534D200897C35 /* ParseClient.swift in Sources */,
				7A3A2ACA1DB53F1600897C35 /* ParseConstants.swift in Sources */,
			);
			runOnlyForDeploymentPostprocessing = 0;
		};
/* End PBXSourcesBuildPhase section */

/* Begin PBXVariantGroup section */
		7AF1898A1D9BFD1900ADD832 /* Main.storyboard */ = {
			isa = PBXVariantGroup;
			children = (
				7AF1898B1D9BFD1900ADD832 /* Base */,
			);
			name = Main.storyboard;
			sourceTree = "<group>";
		};
		7AF1898F1D9BFD1900ADD832 /* LaunchScreen.storyboard */ = {
			isa = PBXVariantGroup;
			children = (
				7AF189901D9BFD1900ADD832 /* Base */,
			);
			name = LaunchScreen.storyboard;
			sourceTree = "<group>";
		};
/* End PBXVariantGroup section */

/* Begin XCBuildConfiguration section */
		7AF189931D9BFD1900ADD832 /* Debug */ = {
			isa = XCBuildConfiguration;
			buildSettings = {
				ALWAYS_SEARCH_USER_PATHS = NO;
				CLANG_ANALYZER_NONNULL = YES;
				CLANG_CXX_LANGUAGE_STANDARD = "gnu++0x";
				CLANG_CXX_LIBRARY = "libc++";
				CLANG_ENABLE_MODULES = YES;
				CLANG_ENABLE_OBJC_ARC = YES;
				CLANG_WARN_BOOL_CONVERSION = YES;
				CLANG_WARN_CONSTANT_CONVERSION = YES;
				CLANG_WARN_DIRECT_OBJC_ISA_USAGE = YES_ERROR;
				CLANG_WARN_DOCUMENTATION_COMMENTS = YES;
				CLANG_WARN_EMPTY_BODY = YES;
				CLANG_WARN_ENUM_CONVERSION = YES;
				CLANG_WARN_INFINITE_RECURSION = YES;
				CLANG_WARN_INT_CONVERSION = YES;
				CLANG_WARN_OBJC_ROOT_CLASS = YES_ERROR;
				CLANG_WARN_SUSPICIOUS_MOVE = YES;
				CLANG_WARN_SUSPICIOUS_MOVES = YES;
				CLANG_WARN_UNREACHABLE_CODE = YES;
				CLANG_WARN__DUPLICATE_METHOD_MATCH = YES;
				"CODE_SIGN_IDENTITY[sdk=iphoneos*]" = "iPhone Developer";
				COPY_PHASE_STRIP = NO;
				DEBUG_INFORMATION_FORMAT = dwarf;
				ENABLE_STRICT_OBJC_MSGSEND = YES;
				ENABLE_TESTABILITY = YES;
				GCC_C_LANGUAGE_STANDARD = gnu99;
				GCC_DYNAMIC_NO_PIC = NO;
				GCC_NO_COMMON_BLOCKS = YES;
				GCC_OPTIMIZATION_LEVEL = 0;
				GCC_PREPROCESSOR_DEFINITIONS = (
					"DEBUG=1",
					"$(inherited)",
				);
				GCC_WARN_64_TO_32_BIT_CONVERSION = YES;
				GCC_WARN_ABOUT_RETURN_TYPE = YES_ERROR;
				GCC_WARN_UNDECLARED_SELECTOR = YES;
				GCC_WARN_UNINITIALIZED_AUTOS = YES_AGGRESSIVE;
				GCC_WARN_UNUSED_FUNCTION = YES;
				GCC_WARN_UNUSED_VARIABLE = YES;
				IPHONEOS_DEPLOYMENT_TARGET = 10.0;
				MTL_ENABLE_DEBUG_INFO = YES;
				ONLY_ACTIVE_ARCH = YES;
				SDKROOT = iphoneos;
				SWIFT_ACTIVE_COMPILATION_CONDITIONS = DEBUG;
				SWIFT_OPTIMIZATION_LEVEL = "-Onone";
				TARGETED_DEVICE_FAMILY = "1,2";
			};
			name = Debug;
		};
		7AF189941D9BFD1900ADD832 /* Release */ = {
			isa = XCBuildConfiguration;
			buildSettings = {
				ALWAYS_SEARCH_USER_PATHS = NO;
				CLANG_ANALYZER_NONNULL = YES;
				CLANG_CXX_LANGUAGE_STANDARD = "gnu++0x";
				CLANG_CXX_LIBRARY = "libc++";
				CLANG_ENABLE_MODULES = YES;
				CLANG_ENABLE_OBJC_ARC = YES;
				CLANG_WARN_BOOL_CONVERSION = YES;
				CLANG_WARN_CONSTANT_CONVERSION = YES;
				CLANG_WARN_DIRECT_OBJC_ISA_USAGE = YES_ERROR;
				CLANG_WARN_DOCUMENTATION_COMMENTS = YES;
				CLANG_WARN_EMPTY_BODY = YES;
				CLANG_WARN_ENUM_CONVERSION = YES;
				CLANG_WARN_INFINITE_RECURSION = YES;
				CLANG_WARN_INT_CONVERSION = YES;
				CLANG_WARN_OBJC_ROOT_CLASS = YES_ERROR;
				CLANG_WARN_SUSPICIOUS_MOVE = YES;
				CLANG_WARN_SUSPICIOUS_MOVES = YES;
				CLANG_WARN_UNREACHABLE_CODE = YES;
				CLANG_WARN__DUPLICATE_METHOD_MATCH = YES;
				"CODE_SIGN_IDENTITY[sdk=iphoneos*]" = "iPhone Developer";
				COPY_PHASE_STRIP = NO;
				DEBUG_INFORMATION_FORMAT = "dwarf-with-dsym";
				ENABLE_NS_ASSERTIONS = NO;
				ENABLE_STRICT_OBJC_MSGSEND = YES;
				GCC_C_LANGUAGE_STANDARD = gnu99;
				GCC_NO_COMMON_BLOCKS = YES;
				GCC_WARN_64_TO_32_BIT_CONVERSION = YES;
				GCC_WARN_ABOUT_RETURN_TYPE = YES_ERROR;
				GCC_WARN_UNDECLARED_SELECTOR = YES;
				GCC_WARN_UNINITIALIZED_AUTOS = YES_AGGRESSIVE;
				GCC_WARN_UNUSED_FUNCTION = YES;
				GCC_WARN_UNUSED_VARIABLE = YES;
				IPHONEOS_DEPLOYMENT_TARGET = 10.0;
				MTL_ENABLE_DEBUG_INFO = NO;
				SDKROOT = iphoneos;
				SWIFT_OPTIMIZATION_LEVEL = "-Owholemodule";
				TARGETED_DEVICE_FAMILY = "1,2";
				VALIDATE_PRODUCT = YES;
			};
			name = Release;
		};
		7AF189961D9BFD1900ADD832 /* Debug */ = {
			isa = XCBuildConfiguration;
			buildSettings = {
				ASSETCATALOG_COMPILER_APPICON_NAME = AppIcon;
				DEVELOPMENT_TEAM = T46SFMZQ7Z;
				INFOPLIST_FILE = OnTheMap/Info.plist;
				LD_RUNPATH_SEARCH_PATHS = "$(inherited) @executable_path/Frameworks";
				PRODUCT_BUNDLE_IDENTIFIER = com.clee.OnTheMap;
				PRODUCT_NAME = "$(TARGET_NAME)";
				SWIFT_VERSION = 3.0;
			};
			name = Debug;
		};
		7AF189971D9BFD1900ADD832 /* Release */ = {
			isa = XCBuildConfiguration;
			buildSettings = {
				ASSETCATALOG_COMPILER_APPICON_NAME = AppIcon;
				DEVELOPMENT_TEAM = T46SFMZQ7Z;
				INFOPLIST_FILE = OnTheMap/Info.plist;
				LD_RUNPATH_SEARCH_PATHS = "$(inherited) @executable_path/Frameworks";
				PRODUCT_BUNDLE_IDENTIFIER = com.clee.OnTheMap;
				PRODUCT_NAME = "$(TARGET_NAME)";
				SWIFT_VERSION = 3.0;
			};
			name = Release;
		};
/* End XCBuildConfiguration section */

/* Begin XCConfigurationList section */
		7AF1897E1D9BFD1900ADD832 /* Build configuration list for PBXProject "OnTheMap" */ = {
			isa = XCConfigurationList;
			buildConfigurations = (
				7AF189931D9BFD1900ADD832 /* Debug */,
				7AF189941D9BFD1900ADD832 /* Release */,
			);
			defaultConfigurationIsVisible = 0;
			defaultConfigurationName = Release;
		};
		7AF189951D9BFD1900ADD832 /* Build configuration list for PBXNativeTarget "OnTheMap" */ = {
			isa = XCConfigurationList;
			buildConfigurations = (
				7AF189961D9BFD1900ADD832 /* Debug */,
				7AF189971D9BFD1900ADD832 /* Release */,
			);
			defaultConfigurationIsVisible = 0;
			defaultConfigurationName = Release;
		};
/* End XCConfigurationList section */
	};
	rootObject = 7AF1897B1D9BFD1900ADD832 /* Project object */;
}
